
Microsoft Visual Studio Solution File, Format Version 12.00
# Visual Studio Version 17
VisualStudioVersion = 17.13.35617.110 d17.13
MinimumVisualStudioVersion = 10.0.40219.1
Project("{FAE04EC0-301F-11D3-BF4B-00C04F79EFBC}") = "CarRentalService.RentalsFunctionApp", "CarRentalService.RentalsFunctionApp\CarRentalService.RentalsFunctionApp.csproj", "{4ECEE3B4-F9FB-4FF3-A0E0-CC48363E77FD}"
EndProject
Global
	GlobalSection(SolutionConfigurationPlatforms) = preSolution
		Debug|Any CPU = Debug|Any CPU
		Release|Any CPU = Release|Any CPU
	EndGlobalSection
	GlobalSection(ProjectConfigurationPlatforms) = postSolution
		{4ECEE3B4-F9FB-4FF3-A0E0-CC48363E77FD}.Debug|Any CPU.ActiveCfg = Debug|Any CPU
		{4ECEE3B4-F9FB-4FF3-A0E0-CC48363E77FD}.Debug|Any CPU.Build.0 = Debug|Any CPU
		{4ECEE3B4-F9FB-4FF3-A0E0-CC48363E77FD}.Release|Any CPU.ActiveCfg = Release|Any CPU
		{4ECEE3B4-F9FB-4FF3-A0E0-CC48363E77FD}.Release|Any CPU.Build.0 = Release|Any CPU
	EndGlobalSection
	GlobalSection(SolutionProperties) = preSolution
		HideSolutionNode = FALSE
	EndGlobalSection
	GlobalSection(ExtensibilityGlobals) = postSolution
		SolutionGuid = {AD85785C-8BCE-4092-9CA6-2BCDD4CC1BD3}
	EndGlobalSection
EndGlobal
